
Microsoft Visual Studio Solution File, Format Version 12.00
# Visual Studio 15
VisualStudioVersion = 15.0.28307.329
MinimumVisualStudioVersion = 10.0.40219.1
Project("{FAE04EC0-301F-11D3-BF4B-00C04F79EFBC}") = "AppMobile27.Android", "AppMobile27\AppMobile27.Android\AppMobile27.Android.csproj", "{5F88699E-7665-4FC0-BAA8-DFED3EC5D63D}"
EndProject
Project("{FAE04EC0-301F-11D3-BF4B-00C04F79EFBC}") = "AppMobile27.iOS", "AppMobile27\AppMobile27.iOS\AppMobile27.iOS.csproj", "{325051B3-E45F-40AC-AA13-2869D0E93809}"
EndProject
Project("{FAE04EC0-301F-11D3-BF4B-00C04F79EFBC}") = "AppMobile27.UWP", "AppMobile27\AppMobile27.UWP\AppMobile27.UWP.csproj", "{BD8AF49A-3A95-4306-83AD-6AC9E1179F60}"
EndProject
Project("{FAE04EC0-301F-11D3-BF4B-00C04F79EFBC}") = "AppMobile27", "AppMobile27\AppMobile27\AppMobile27.csproj", "{5972C569-6CFF-4587-BE22-A90D3BA73750}"
EndProject
Global
	GlobalSection(SolutionConfigurationPlatforms) = preSolution
		Ad-Hoc|Any CPU = Ad-Hoc|Any CPU
		Ad-Hoc|ARM = Ad-Hoc|ARM
		Ad-Hoc|iPhone = Ad-Hoc|iPhone
		Ad-Hoc|iPhoneSimulator = Ad-Hoc|iPhoneSimulator
		Ad-Hoc|x64 = Ad-Hoc|x64
		Ad-Hoc|x86 = Ad-Hoc|x86
		AppStore|Any CPU = AppStore|Any CPU
		AppStore|ARM = AppStore|ARM
		AppStore|iPhone = AppStore|iPhone
		AppStore|iPhoneSimulator = AppStore|iPhoneSimulator
		AppStore|x64 = AppStore|x64
		AppStore|x86 = AppStore|x86
		Debug|Any CPU = Debug|Any CPU
		Debug|ARM = Debug|ARM
		Debug|iPhone = Debug|iPhone
		Debug|iPhoneSimulator = Debug|iPhoneSimulator
		Debug|x64 = Debug|x64
		Debug|x86 = Debug|x86
		Release|Any CPU = Release|Any CPU
		Release|ARM = Release|ARM
		Release|iPhone = Release|iPhone
		Release|iPhoneSimulator = Release|iPhoneSimulator
		Release|x64 = Release|x64
		Release|x86 = Release|x86
	EndGlobalSection
	GlobalSection(ProjectConfigurationPlatforms) = postSolution
		{5F88699E-7665-4FC0-BAA8-DFED3EC5D63D}.Ad-Hoc|Any CPU.ActiveCfg = Release|Any CPU
		{5F88699E-7665-4FC0-BAA8-DFED3EC5D63D}.Ad-Hoc|Any CPU.Build.0 = Release|Any CPU
		{5F88699E-7665-4FC0-BAA8-DFED3EC5D63D}.Ad-Hoc|Any CPU.Deploy.0 = Release|Any CPU
		{5F88699E-7665-4FC0-BAA8-DFED3EC5D63D}.Ad-Hoc|ARM.ActiveCfg = Release|Any CPU
		{5F88699E-7665-4FC0-BAA8-DFED3EC5D63D}.Ad-Hoc|ARM.Build.0 = Release|Any CPU
		{5F88699E-7665-4FC0-BAA8-DFED3EC5D63D}.Ad-Hoc|ARM.Deploy.0 = Release|Any CPU
		{5F88699E-7665-4FC0-BAA8-DFED3EC5D63D}.Ad-Hoc|iPhone.ActiveCfg = Release|Any CPU
		{5F88699E-7665-4FC0-BAA8-DFED3EC5D63D}.Ad-Hoc|iPhone.Build.0 = Release|Any CPU
		{5F88699E-7665-4FC0-BAA8-DFED3EC5D63D}.Ad-Hoc|iPhone.Deploy.0 = Release|Any CPU
		{5F88699E-7665-4FC0-BAA8-DFED3EC5D63D}.Ad-Hoc|iPhoneSimulator.ActiveCfg = Release|Any CPU
		{5F88699E-7665-4FC0-BAA8-DFED3EC5D63D}.Ad-Hoc|iPhoneSimulator.Build.0 = Release|Any CPU
		{5F88699E-7665-4FC0-BAA8-DFED3EC5D63D}.Ad-Hoc|iPhoneSimulator.Deploy.0 = Release|Any CPU
		{5F88699E-7665-4FC0-BAA8-DFED3EC5D63D}.Ad-Hoc|x64.ActiveCfg = Release|Any CPU
		{5F88699E-7665-4FC0-BAA8-DFED3EC5D63D}.Ad-Hoc|x64.Build.0 = Release|Any CPU
		{5F88699E-7665-4FC0-BAA8-DFED3EC5D63D}.Ad-Hoc|x64.Deploy.0 = Release|Any CPU
		{5F88699E-7665-4FC0-BAA8-DFED3EC5D63D}.Ad-Hoc|x86.ActiveCfg = Release|Any CPU
		{5F88699E-7665-4FC0-BAA8-DFED3EC5D63D}.Ad-Hoc|x86.Build.0 = Release|Any CPU
		{5F88699E-7665-4FC0-BAA8-DFED3EC5D63D}.Ad-Hoc|x86.Deploy.0 = Release|Any CPU
		{5F88699E-7665-4FC0-BAA8-DFED3EC5D63D}.AppStore|Any CPU.ActiveCfg = Release|Any CPU
		{5F88699E-7665-4FC0-BAA8-DFED3EC5D63D}.AppStore|Any CPU.Build.0 = Release|Any CPU
		{5F88699E-7665-4FC0-BAA8-DFED3EC5D63D}.AppStore|Any CPU.Deploy.0 = Release|Any CPU
		{5F88699E-7665-4FC0-BAA8-DFED3EC5D63D}.AppStore|ARM.ActiveCfg = Release|Any CPU
		{5F88699E-7665-4FC0-BAA8-DFED3EC5D63D}.AppStore|ARM.Build.0 = Release|Any CPU
		{5F88699E-7665-4FC0-BAA8-DFED3EC5D63D}.AppStore|ARM.Deploy.0 = Release|Any CPU
		{5F88699E-7665-4FC0-BAA8-DFED3EC5D63D}.AppStore|iPhone.ActiveCfg = Release|Any CPU
		{5F88699E-7665-4FC0-BAA8-DFED3EC5D63D}.AppStore|iPhone.Build.0 = Release|Any CPU
		{5F88699E-7665-4FC0-BAA8-DFED3EC5D63D}.AppStore|iPhone.Deploy.0 = Release|Any CPU
		{5F88699E-7665-4FC0-BAA8-DFED3EC5D63D}.AppStore|iPhoneSimulator.ActiveCfg = Release|Any CPU
		{5F88699E-7665-4FC0-BAA8-DFED3EC5D63D}.AppStore|iPhoneSimulator.Build.0 = Release|Any CPU
		{5F88699E-7665-4FC0-BAA8-DFED3EC5D63D}.AppStore|iPhoneSimulator.Deploy.0 = Release|Any CPU
		{5F88699E-7665-4FC0-BAA8-DFED3EC5D63D}.AppStore|x64.ActiveCfg = Release|Any CPU
		{5F88699E-7665-4FC0-BAA8-DFED3EC5D63D}.AppStore|x64.Build.0 = Release|Any CPU
		{5F88699E-7665-4FC0-BAA8-DFED3EC5D63D}.AppStore|x64.Deploy.0 = Release|Any CPU
		{5F88699E-7665-4FC0-BAA8-DFED3EC5D63D}.AppStore|x86.ActiveCfg = Release|Any CPU
		{5F88699E-7665-4FC0-BAA8-DFED3EC5D63D}.AppStore|x86.Build.0 = Release|Any CPU
		{5F88699E-7665-4FC0-BAA8-DFED3EC5D63D}.AppStore|x86.Deploy.0 = Release|Any CPU
		{5F88699E-7665-4FC0-BAA8-DFED3EC5D63D}.Debug|Any CPU.ActiveCfg = Debug|Any CPU
		{5F88699E-7665-4FC0-BAA8-DFED3EC5D63D}.Debug|Any CPU.Build.0 = Debug|Any CPU
		{5F88699E-7665-4FC0-BAA8-DFED3EC5D63D}.Debug|Any CPU.Deploy.0 = Debug|Any CPU
		{5F88699E-7665-4FC0-BAA8-DFED3EC5D63D}.Debug|ARM.ActiveCfg = Debug|Any CPU
		{5F88699E-7665-4FC0-BAA8-DFED3EC5D63D}.Debug|ARM.Build.0 = Debug|Any CPU
		{5F88699E-7665-4FC0-BAA8-DFED3EC5D63D}.Debug|ARM.Deploy.0 = Debug|Any CPU
		{5F88699E-7665-4FC0-BAA8-DFED3EC5D63D}.Debug|iPhone.ActiveCfg = Debug|Any CPU
		{5F88699E-7665-4FC0-BAA8-DFED3EC5D63D}.Debug|iPhone.Build.0 = Debug|Any CPU
		{5F88699E-7665-4FC0-BAA8-DFED3EC5D63D}.Debug|iPhone.Deploy.0 = Debug|Any CPU
		{5F88699E-7665-4FC0-BAA8-DFED3EC5D63D}.Debug|iPhoneSimulator.ActiveCfg = Debug|Any CPU
		{5F88699E-7665-4FC0-BAA8-DFED3EC5D63D}.Debug|iPhoneSimulator.Build.0 = Debug|Any CPU
		{5F88699E-7665-4FC0-BAA8-DFED3EC5D63D}.Debug|iPhoneSimulator.Deploy.0 = Debug|Any CPU
		{5F88699E-7665-4FC0-BAA8-DFED3EC5D63D}.Debug|x64.ActiveCfg = Debug|Any CPU
		{5F88699E-7665-4FC0-BAA8-DFED3EC5D63D}.Debug|x64.Build.0 = Debug|Any CPU
		{5F88699E-7665-4FC0-BAA8-DFED3EC5D63D}.Debug|x64.Deploy.0 = Debug|Any CPU
		{5F88699E-7665-4FC0-BAA8-DFED3EC5D63D}.Debug|x86.ActiveCfg = Debug|Any CPU
		{5F88699E-7665-4FC0-BAA8-DFED3EC5D63D}.Debug|x86.Build.0 = Debug|Any CPU
		{5F88699E-7665-4FC0-BAA8-DFED3EC5D63D}.Debug|x86.Deploy.0 = Debug|Any CPU
		{5F88699E-7665-4FC0-BAA8-DFED3EC5D63D}.Release|Any CPU.ActiveCfg = Release|Any CPU
		{5F88699E-7665-4FC0-BAA8-DFED3EC5D63D}.Release|Any CPU.Build.0 = Release|Any CPU
		{5F88699E-7665-4FC0-BAA8-DFED3EC5D63D}.Release|Any CPU.Deploy.0 = Release|Any CPU
		{5F88699E-7665-4FC0-BAA8-DFED3EC5D63D}.Release|ARM.ActiveCfg = Release|Any CPU
		{5F88699E-7665-4FC0-BAA8-DFED3EC5D63D}.Release|ARM.Build.0 = Release|Any CPU
		{5F88699E-7665-4FC0-BAA8-DFED3EC5D63D}.Release|ARM.Deploy.0 = Release|Any CPU
		{5F88699E-7665-4FC0-BAA8-DFED3EC5D63D}.Release|iPhone.ActiveCfg = Release|Any CPU
		{5F88699E-7665-4FC0-BAA8-DFED3EC5D63D}.Release|iPhone.Build.0 = Release|Any CPU
		{5F88699E-7665-4FC0-BAA8-DFED3EC5D63D}.Release|iPhone.Deploy.0 = Release|Any CPU
		{5F88699E-7665-4FC0-BAA8-DFED3EC5D63D}.Release|iPhoneSimulator.ActiveCfg = Release|Any CPU
		{5F88699E-7665-4FC0-BAA8-DFED3EC5D63D}.Release|iPhoneSimulator.Build.0 = Release|Any CPU
		{5F88699E-7665-4FC0-BAA8-DFED3EC5D63D}.Release|iPhoneSimulator.Deploy.0 = Release|Any CPU
		{5F88699E-7665-4FC0-BAA8-DFED3EC5D63D}.Release|x64.ActiveCfg = Release|Any CPU
		{5F88699E-7665-4FC0-BAA8-DFED3EC5D63D}.Release|x64.Build.0 = Release|Any CPU
		{5F88699E-7665-4FC0-BAA8-DFED3EC5D63D}.Release|x64.Deploy.0 = Release|Any CPU
		{5F88699E-7665-4FC0-BAA8-DFED3EC5D63D}.Release|x86.ActiveCfg = Release|Any CPU
		{5F88699E-7665-4FC0-BAA8-DFED3EC5D63D}.Release|x86.Build.0 = Release|Any CPU
		{5F88699E-7665-4FC0-BAA8-DFED3EC5D63D}.Release|x86.Deploy.0 = Release|Any CPU
		{325051B3-E45F-40AC-AA13-2869D0E93809}.Ad-Hoc|Any CPU.ActiveCfg = Ad-Hoc|iPhone
		{325051B3-E45F-40AC-AA13-2869D0E93809}.Ad-Hoc|Any CPU.Build.0 = Ad-Hoc|iPhone
		{325051B3-E45F-40AC-AA13-2869D0E93809}.Ad-Hoc|Any CPU.Deploy.0 = Ad-Hoc|iPhone
		{325051B3-E45F-40AC-AA13-2869D0E93809}.Ad-Hoc|ARM.ActiveCfg = Ad-Hoc|iPhone
		{325051B3-E45F-40AC-AA13-2869D0E93809}.Ad-Hoc|ARM.Build.0 = Ad-Hoc|iPhone
		{325051B3-E45F-40AC-AA13-2869D0E93809}.Ad-Hoc|ARM.Deploy.0 = Ad-Hoc|iPhone
		{325051B3-E45F-40AC-AA13-2869D0E93809}.Ad-Hoc|iPhone.ActiveCfg = Ad-Hoc|iPhone
		{325051B3-E45F-40AC-AA13-2869D0E93809}.Ad-Hoc|iPhone.Build.0 = Ad-Hoc|iPhone
		{325051B3-E45F-40AC-AA13-2869D0E93809}.Ad-Hoc|iPhone.Deploy.0 = Ad-Hoc|iPhone
		{325051B3-E45F-40AC-AA13-2869D0E93809}.Ad-Hoc|iPhoneSimulator.ActiveCfg = Ad-Hoc|iPhoneSimulator
		{325051B3-E45F-40AC-AA13-2869D0E93809}.Ad-Hoc|iPhoneSimulator.Build.0 = Ad-Hoc|iPhoneSimulator
		{325051B3-E45F-40AC-AA13-2869D0E93809}.Ad-Hoc|iPhoneSimulator.Deploy.0 = Ad-Hoc|iPhoneSimulator
		{325051B3-E45F-40AC-AA13-2869D0E93809}.Ad-Hoc|x64.ActiveCfg = Ad-Hoc|iPhone
		{325051B3-E45F-40AC-AA13-2869D0E93809}.Ad-Hoc|x64.Build.0 = Ad-Hoc|iPhone
		{325051B3-E45F-40AC-AA13-2869D0E93809}.Ad-Hoc|x64.Deploy.0 = Ad-Hoc|iPhone
		{325051B3-E45F-40AC-AA13-2869D0E93809}.Ad-Hoc|x86.ActiveCfg = Ad-Hoc|iPhone
		{325051B3-E45F-40AC-AA13-2869D0E93809}.Ad-Hoc|x86.Build.0 = Ad-Hoc|iPhone
		{325051B3-E45F-40AC-AA13-2869D0E93809}.Ad-Hoc|x86.Deploy.0 = Ad-Hoc|iPhone
		{325051B3-E45F-40AC-AA13-2869D0E93809}.AppStore|Any CPU.ActiveCfg = AppStore|iPhone
		{325051B3-E45F-40AC-AA13-2869D0E93809}.AppStore|Any CPU.Build.0 = AppStore|iPhone
		{325051B3-E45F-40AC-AA13-2869D0E93809}.AppStore|Any CPU.Deploy.0 = AppStore|iPhone
		{325051B3-E45F-40AC-AA13-2869D0E93809}.AppStore|ARM.ActiveCfg = AppStore|iPhone
		{325051B3-E45F-40AC-AA13-2869D0E93809}.AppStore|ARM.Build.0 = AppStore|iPhone
		{325051B3-E45F-40AC-AA13-2869D0E93809}.AppStore|ARM.Deploy.0 = AppStore|iPhone
		{325051B3-E45F-40AC-AA13-2869D0E93809}.AppStore|iPhone.ActiveCfg = AppStore|iPhone
		{325051B3-E45F-40AC-AA13-2869D0E93809}.AppStore|iPhone.Build.0 = AppStore|iPhone
		{325051B3-E45F-40AC-AA13-2869D0E93809}.AppStore|iPhone.Deploy.0 = AppStore|iPhone
		{325051B3-E45F-40AC-AA13-2869D0E93809}.AppStore|iPhoneSimulator.ActiveCfg = AppStore|iPhoneSimulator
		{325051B3-E45F-40AC-AA13-2869D0E93809}.AppStore|iPhoneSimulator.Build.0 = AppStore|iPhoneSimulator
		{325051B3-E45F-40AC-AA13-2869D0E93809}.AppStore|iPhoneSimulator.Deploy.0 = AppStore|iPhoneSimulator
		{325051B3-E45F-40AC-AA13-2869D0E93809}.AppStore|x64.ActiveCfg = AppStore|iPhone
		{325051B3-E45F-40AC-AA13-2869D0E93809}.AppStore|x64.Build.0 = AppStore|iPhone
		{325051B3-E45F-40AC-AA13-2869D0E93809}.AppStore|x64.Deploy.0 = AppStore|iPhone
		{325051B3-E45F-40AC-AA13-2869D0E93809}.AppStore|x86.ActiveCfg = AppStore|iPhone
		{325051B3-E45F-40AC-AA13-2869D0E93809}.AppStore|x86.Build.0 = AppStore|iPhone
		{325051B3-E45F-40AC-AA13-2869D0E93809}.AppStore|x86.Deploy.0 = AppStore|iPhone
		{325051B3-E45F-40AC-AA13-2869D0E93809}.Debug|Any CPU.ActiveCfg = Debug|iPhoneSimulator
		{325051B3-E45F-40AC-AA13-2869D0E93809}.Debug|Any CPU.Build.0 = Debug|iPhoneSimulator
		{325051B3-E45F-40AC-AA13-2869D0E93809}.Debug|Any CPU.Deploy.0 = Debug|iPhoneSimulator
		{325051B3-E45F-40AC-AA13-2869D0E93809}.Debug|ARM.ActiveCfg = Debug|iPhone
		{325051B3-E45F-40AC-AA13-2869D0E93809}.Debug|ARM.Build.0 = Debug|iPhone
		{325051B3-E45F-40AC-AA13-2869D0E93809}.Debug|ARM.Deploy.0 = Debug|iPhone
		{325051B3-E45F-40AC-AA13-2869D0E93809}.Debug|iPhone.ActiveCfg = Debug|iPhone
		{325051B3-E45F-40AC-AA13-2869D0E93809}.Debug|iPhone.Build.0 = Debug|iPhone
		{325051B3-E45F-40AC-AA13-2869D0E93809}.Debug|iPhone.Deploy.0 = Debug|iPhone
		{325051B3-E45F-40AC-AA13-2869D0E93809}.Debug|iPhoneSimulator.ActiveCfg = Debug|iPhoneSimulator
		{325051B3-E45F-40AC-AA13-2869D0E93809}.Debug|iPhoneSimulator.Build.0 = Debug|iPhoneSimulator
		{325051B3-E45F-40AC-AA13-2869D0E93809}.Debug|iPhoneSimulator.Deploy.0 = Debug|iPhoneSimulator
		{325051B3-E45F-40AC-AA13-2869D0E93809}.Debug|x64.ActiveCfg = Debug|iPhone
		{325051B3-E45F-40AC-AA13-2869D0E93809}.Debug|x64.Build.0 = Debug|iPhone
		{325051B3-E45F-40AC-AA13-2869D0E93809}.Debug|x64.Deploy.0 = Debug|iPhone
		{325051B3-E45F-40AC-AA13-2869D0E93809}.Debug|x86.ActiveCfg = Debug|iPhone
		{325051B3-E45F-40AC-AA13-2869D0E93809}.Debug|x86.Build.0 = Debug|iPhone
		{325051B3-E45F-40AC-AA13-2869D0E93809}.Debug|x86.Deploy.0 = Debug|iPhone
		{325051B3-E45F-40AC-AA13-2869D0E93809}.Release|Any CPU.ActiveCfg = Release|iPhone
		{325051B3-E45F-40AC-AA13-2869D0E93809}.Release|Any CPU.Build.0 = Release|iPhone
		{325051B3-E45F-40AC-AA13-2869D0E93809}.Release|Any CPU.Deploy.0 = Release|iPhone
		{325051B3-E45F-40AC-AA13-2869D0E93809}.Release|ARM.ActiveCfg = Release|iPhone
		{325051B3-E45F-40AC-AA13-2869D0E93809}.Release|ARM.Build.0 = Release|iPhone
		{325051B3-E45F-40AC-AA13-2869D0E93809}.Release|ARM.Deploy.0 = Release|iPhone
		{325051B3-E45F-40AC-AA13-2869D0E93809}.Release|iPhone.ActiveCfg = Release|iPhone
		{325051B3-E45F-40AC-AA13-2869D0E93809}.Release|iPhone.Build.0 = Release|iPhone
		{325051B3-E45F-40AC-AA13-2869D0E93809}.Release|iPhone.Deploy.0 = Release|iPhone
		{325051B3-E45F-40AC-AA13-2869D0E93809}.Release|iPhoneSimulator.ActiveCfg = Release|iPhoneSimulator
		{325051B3-E45F-40AC-AA13-2869D0E93809}.Release|iPhoneSimulator.Build.0 = Release|iPhoneSimulator
		{325051B3-E45F-40AC-AA13-2869D0E93809}.Release|iPhoneSimulator.Deploy.0 = Release|iPhoneSimulator
		{325051B3-E45F-40AC-AA13-2869D0E93809}.Release|x64.ActiveCfg = Release|iPhone
		{325051B3-E45F-40AC-AA13-2869D0E93809}.Release|x64.Build.0 = Release|iPhone
		{325051B3-E45F-40AC-AA13-2869D0E93809}.Release|x64.Deploy.0 = Release|iPhone
		{325051B3-E45F-40AC-AA13-2869D0E93809}.Release|x86.ActiveCfg = Release|iPhone
		{325051B3-E45F-40AC-AA13-2869D0E93809}.Release|x86.Build.0 = Release|iPhone
		{325051B3-E45F-40AC-AA13-2869D0E93809}.Release|x86.Deploy.0 = Release|iPhone
		{BD8AF49A-3A95-4306-83AD-6AC9E1179F60}.Ad-Hoc|Any CPU.ActiveCfg = Release|x86
		{BD8AF49A-3A95-4306-83AD-6AC9E1179F60}.Ad-Hoc|Any CPU.Build.0 = Release|x86
		{BD8AF49A-3A95-4306-83AD-6AC9E1179F60}.Ad-Hoc|Any CPU.Deploy.0 = Release|x86
		{BD8AF49A-3A95-4306-83AD-6AC9E1179F60}.Ad-Hoc|ARM.ActiveCfg = Release|ARM
		{BD8AF49A-3A95-4306-83AD-6AC9E1179F60}.Ad-Hoc|ARM.Build.0 = Release|ARM
		{BD8AF49A-3A95-4306-83AD-6AC9E1179F60}.Ad-Hoc|ARM.Deploy.0 = Release|ARM
		{BD8AF49A-3A95-4306-83AD-6AC9E1179F60}.Ad-Hoc|iPhone.ActiveCfg = Release|x86
		{BD8AF49A-3A95-4306-83AD-6AC9E1179F60}.Ad-Hoc|iPhone.Build.0 = Release|x86
		{BD8AF49A-3A95-4306-83AD-6AC9E1179F60}.Ad-Hoc|iPhone.Deploy.0 = Release|x86
		{BD8AF49A-3A95-4306-83AD-6AC9E1179F60}.Ad-Hoc|iPhoneSimulator.ActiveCfg = Release|x86
		{BD8AF49A-3A95-4306-83AD-6AC9E1179F60}.Ad-Hoc|iPhoneSimulator.Build.0 = Release|x86
		{BD8AF49A-3A95-4306-83AD-6AC9E1179F60}.Ad-Hoc|iPhoneSimulator.Deploy.0 = Release|x86
		{BD8AF49A-3A95-4306-83AD-6AC9E1179F60}.Ad-Hoc|x64.ActiveCfg = Release|x64
		{BD8AF49A-3A95-4306-83AD-6AC9E1179F60}.Ad-Hoc|x64.Build.0 = Release|x64
		{BD8AF49A-3A95-4306-83AD-6AC9E1179F60}.Ad-Hoc|x64.Deploy.0 = Release|x64
		{BD8AF49A-3A95-4306-83AD-6AC9E1179F60}.Ad-Hoc|x86.ActiveCfg = Release|x86
		{BD8AF49A-3A95-4306-83AD-6AC9E1179F60}.Ad-Hoc|x86.Build.0 = Release|x86
		{BD8AF49A-3A95-4306-83AD-6AC9E1179F60}.Ad-Hoc|x86.Deploy.0 = Release|x86
		{BD8AF49A-3A95-4306-83AD-6AC9E1179F60}.AppStore|Any CPU.ActiveCfg = Release|x86
		{BD8AF49A-3A95-4306-83AD-6AC9E1179F60}.AppStore|Any CPU.Build.0 = Release|x86
		{BD8AF49A-3A95-4306-83AD-6AC9E1179F60}.AppStore|Any CPU.Deploy.0 = Release|x86
		{BD8AF49A-3A95-4306-83AD-6AC9E1179F60}.AppStore|ARM.ActiveCfg = Release|ARM
		{BD8AF49A-3A95-4306-83AD-6AC9E1179F60}.AppStore|ARM.Build.0 = Release|ARM
		{BD8AF49A-3A95-4306-83AD-6AC9E1179F60}.AppStore|ARM.Deploy.0 = Release|ARM
		{BD8AF49A-3A95-4306-83AD-6AC9E1179F60}.AppStore|iPhone.ActiveCfg = Release|x86
		{BD8AF49A-3A95-4306-83AD-6AC9E1179F60}.AppStore|iPhone.Build.0 = Release|x86
		{BD8AF49A-3A95-4306-83AD-6AC9E1179F60}.AppStore|iPhone.Deploy.0 = Release|x86
		{BD8AF49A-3A95-4306-83AD-6AC9E1179F60}.AppStore|iPhoneSimulator.ActiveCfg = Release|x86
		{BD8AF49A-3A95-4306-83AD-6AC9E1179F60}.AppStore|iPhoneSimulator.Build.0 = Release|x86
		{BD8AF49A-3A95-4306-83AD-6AC9E1179F60}.AppStore|iPhoneSimulator.Deploy.0 = Release|x86
		{BD8AF49A-3A95-4306-83AD-6AC9E1179F60}.AppStore|x64.ActiveCfg = Release|x64
		{BD8AF49A-3A95-4306-83AD-6AC9E1179F60}.AppStore|x64.Build.0 = Release|x64
		{BD8AF49A-3A95-4306-83AD-6AC9E1179F60}.AppStore|x64.Deploy.0 = Release|x64
		{BD8AF49A-3A95-4306-83AD-6AC9E1179F60}.AppStore|x86.ActiveCfg = Release|x86
		{BD8AF49A-3A95-4306-83AD-6AC9E1179F60}.AppStore|x86.Build.0 = Release|x86
		{BD8AF49A-3A95-4306-83AD-6AC9E1179F60}.AppStore|x86.Deploy.0 = Release|x86
		{BD8AF49A-3A95-4306-83AD-6AC9E1179F60}.Debug|Any CPU.ActiveCfg = Debug|x86
		{BD8AF49A-3A95-4306-83AD-6AC9E1179F60}.Debug|Any CPU.Build.0 = Debug|x86
		{BD8AF49A-3A95-4306-83AD-6AC9E1179F60}.Debug|Any CPU.Deploy.0 = Debug|x86
		{BD8AF49A-3A95-4306-83AD-6AC9E1179F60}.Debug|ARM.ActiveCfg = Debug|ARM
		{BD8AF49A-3A95-4306-83AD-6AC9E1179F60}.Debug|ARM.Build.0 = Debug|ARM
		{BD8AF49A-3A95-4306-83AD-6AC9E1179F60}.Debug|ARM.Deploy.0 = Debug|ARM
		{BD8AF49A-3A95-4306-83AD-6AC9E1179F60}.Debug|iPhone.ActiveCfg = Debug|x86
		{BD8AF49A-3A95-4306-83AD-6AC9E1179F60}.Debug|iPhone.Build.0 = Debug|x86
		{BD8AF49A-3A95-4306-83AD-6AC9E1179F60}.Debug|iPhone.Deploy.0 = Debug|x86
		{BD8AF49A-3A95-4306-83AD-6AC9E1179F60}.Debug|iPhoneSimulator.ActiveCfg = Debug|x86
		{BD8AF49A-3A95-4306-83AD-6AC9E1179F60}.Debug|iPhoneSimulator.Build.0 = Debug|x86
		{BD8AF49A-3A95-4306-83AD-6AC9E1179F60}.Debug|iPhoneSimulator.Deploy.0 = Debug|x86
		{BD8AF49A-3A95-4306-83AD-6AC9E1179F60}.Debug|x64.ActiveCfg = Debug|x64
		{BD8AF49A-3A95-4306-83AD-6AC9E1179F60}.Debug|x64.Build.0 = Debug|x64
		{BD8AF49A-3A95-4306-83AD-6AC9E1179F60}.Debug|x64.Deploy.0 = Debug|x64
		{BD8AF49A-3A95-4306-83AD-6AC9E1179F60}.Debug|x86.ActiveCfg = Debug|x86
		{BD8AF49A-3A95-4306-83AD-6AC9E1179F60}.Debug|x86.Build.0 = Debug|x86
		{BD8AF49A-3A95-4306-83AD-6AC9E1179F60}.Debug|x86.Deploy.0 = Debug|x86
		{BD8AF49A-3A95-4306-83AD-6AC9E1179F60}.Release|Any CPU.ActiveCfg = Release|x86
		{BD8AF49A-3A95-4306-83AD-6AC9E1179F60}.Release|Any CPU.Build.0 = Release|x86
		{BD8AF49A-3A95-4306-83AD-6AC9E1179F60}.Release|Any CPU.Deploy.0 = Release|x86
		{BD8AF49A-3A95-4306-83AD-6AC9E1179F60}.Release|ARM.ActiveCfg = Release|ARM
		{BD8AF49A-3A95-4306-83AD-6AC9E1179F60}.Release|ARM.Build.0 = Release|ARM
		{BD8AF49A-3A95-4306-83AD-6AC9E1179F60}.Release|ARM.Deploy.0 = Release|ARM
		{BD8AF49A-3A95-4306-83AD-6AC9E1179F60}.Release|iPhone.ActiveCfg = Release|x86
		{BD8AF49A-3A95-4306-83AD-6AC9E1179F60}.Release|iPhone.Build.0 = Release|x86
		{BD8AF49A-3A95-4306-83AD-6AC9E1179F60}.Release|iPhone.Deploy.0 = Release|x86
		{BD8AF49A-3A95-4306-83AD-6AC9E1179F60}.Release|iPhoneSimulator.ActiveCfg = Release|x86
		{BD8AF49A-3A95-4306-83AD-6AC9E1179F60}.Release|iPhoneSimulator.Build.0 = Release|x86
		{BD8AF49A-3A95-4306-83AD-6AC9E1179F60}.Release|iPhoneSimulator.Deploy.0 = Release|x86
		{BD8AF49A-3A95-4306-83AD-6AC9E1179F60}.Release|x64.ActiveCfg = Release|x64
		{BD8AF49A-3A95-4306-83AD-6AC9E1179F60}.Release|x64.Build.0 = Release|x64
		{BD8AF49A-3A95-4306-83AD-6AC9E1179F60}.Release|x64.Deploy.0 = Release|x64
		{BD8AF49A-3A95-4306-83AD-6AC9E1179F60}.Release|x86.ActiveCfg = Release|x86
		{BD8AF49A-3A95-4306-83AD-6AC9E1179F60}.Release|x86.Build.0 = Release|x86
		{BD8AF49A-3A95-4306-83AD-6AC9E1179F60}.Release|x86.Deploy.0 = Release|x86
		{5972C569-6CFF-4587-BE22-A90D3BA73750}.Ad-Hoc|Any CPU.ActiveCfg = Debug|Any CPU
		{5972C569-6CFF-4587-BE22-A90D3BA73750}.Ad-Hoc|Any CPU.Build.0 = Debug|Any CPU
		{5972C569-6CFF-4587-BE22-A90D3BA73750}.Ad-Hoc|Any CPU.Deploy.0 = Debug|Any CPU
		{5972C569-6CFF-4587-BE22-A90D3BA73750}.Ad-Hoc|ARM.ActiveCfg = Debug|Any CPU
		{5972C569-6CFF-4587-BE22-A90D3BA73750}.Ad-Hoc|ARM.Build.0 = Debug|Any CPU
		{5972C569-6CFF-4587-BE22-A90D3BA73750}.Ad-Hoc|ARM.Deploy.0 = Debug|Any CPU
		{5972C569-6CFF-4587-BE22-A90D3BA73750}.Ad-Hoc|iPhone.ActiveCfg = Debug|Any CPU
		{5972C569-6CFF-4587-BE22-A90D3BA73750}.Ad-Hoc|iPhone.Build.0 = Debug|Any CPU
		{5972C569-6CFF-4587-BE22-A90D3BA73750}.Ad-Hoc|iPhone.Deploy.0 = Debug|Any CPU
		{5972C569-6CFF-4587-BE22-A90D3BA73750}.Ad-Hoc|iPhoneSimulator.ActiveCfg = Debug|Any CPU
		{5972C569-6CFF-4587-BE22-A90D3BA73750}.Ad-Hoc|iPhoneSimulator.Build.0 = Debug|Any CPU
		{5972C569-6CFF-4587-BE22-A90D3BA73750}.Ad-Hoc|iPhoneSimulator.Deploy.0 = Debug|Any CPU
		{5972C569-6CFF-4587-BE22-A90D3BA73750}.Ad-Hoc|x64.ActiveCfg = Debug|Any CPU
		{5972C569-6CFF-4587-BE22-A90D3BA73750}.Ad-Hoc|x64.Build.0 = Debug|Any CPU
		{5972C569-6CFF-4587-BE22-A90D3BA73750}.Ad-Hoc|x64.Deploy.0 = Debug|Any CPU
		{5972C569-6CFF-4587-BE22-A90D3BA73750}.Ad-Hoc|x86.ActiveCfg = Debug|Any CPU
		{5972C569-6CFF-4587-BE22-A90D3BA73750}.Ad-Hoc|x86.Build.0 = Debug|Any CPU
		{5972C569-6CFF-4587-BE22-A90D3BA73750}.Ad-Hoc|x86.Deploy.0 = Debug|Any CPU
		{5972C569-6CFF-4587-BE22-A90D3BA73750}.AppStore|Any CPU.ActiveCfg = Debug|Any CPU
		{5972C569-6CFF-4587-BE22-A90D3BA73750}.AppStore|Any CPU.Build.0 = Debug|Any CPU
		{5972C569-6CFF-4587-BE22-A90D3BA73750}.AppStore|Any CPU.Deploy.0 = Debug|Any CPU
		{5972C569-6CFF-4587-BE22-A90D3BA73750}.AppStore|ARM.ActiveCfg = Debug|Any CPU
		{5972C569-6CFF-4587-BE22-A90D3BA73750}.AppStore|ARM.Build.0 = Debug|Any CPU
		{5972C569-6CFF-4587-BE22-A90D3BA73750}.AppStore|ARM.Deploy.0 = Debug|Any CPU
		{5972C569-6CFF-4587-BE22-A90D3BA73750}.AppStore|iPhone.ActiveCfg = Debug|Any CPU
		{5972C569-6CFF-4587-BE22-A90D3BA73750}.AppStore|iPhone.Build.0 = Debug|Any CPU
		{5972C569-6CFF-4587-BE22-A90D3BA73750}.AppStore|iPhone.Deploy.0 = Debug|Any CPU
		{5972C569-6CFF-4587-BE22-A90D3BA73750}.AppStore|iPhoneSimulator.ActiveCfg = Debug|Any CPU
		{5972C569-6CFF-4587-BE22-A90D3BA73750}.AppStore|iPhoneSimulator.Build.0 = Debug|Any CPU
		{5972C569-6CFF-4587-BE22-A90D3BA73750}.AppStore|iPhoneSimulator.Deploy.0 = Debug|Any CPU
		{5972C569-6CFF-4587-BE22-A90D3BA73750}.AppStore|x64.ActiveCfg = Debug|Any CPU
		{5972C569-6CFF-4587-BE22-A90D3BA73750}.AppStore|x64.Build.0 = Debug|Any CPU
		{5972C569-6CFF-4587-BE22-A90D3BA73750}.AppStore|x64.Deploy.0 = Debug|Any CPU
		{5972C569-6CFF-4587-BE22-A90D3BA73750}.AppStore|x86.ActiveCfg = Debug|Any CPU
		{5972C569-6CFF-4587-BE22-A90D3BA73750}.AppStore|x86.Build.0 = Debug|Any CPU
		{5972C569-6CFF-4587-BE22-A90D3BA73750}.AppStore|x86.Deploy.0 = Debug|Any CPU
		{5972C569-6CFF-4587-BE22-A90D3BA73750}.Debug|Any CPU.ActiveCfg = Debug|Any CPU
		{5972C569-6CFF-4587-BE22-A90D3BA73750}.Debug|Any CPU.Build.0 = Debug|Any CPU
		{5972C569-6CFF-4587-BE22-A90D3BA73750}.Debug|Any CPU.Deploy.0 = Debug|Any CPU
		{5972C569-6CFF-4587-BE22-A90D3BA73750}.Debug|ARM.ActiveCfg = Debug|Any CPU
		{5972C569-6CFF-4587-BE22-A90D3BA73750}.Debug|ARM.Build.0 = Debug|Any CPU
		{5972C569-6CFF-4587-BE22-A90D3BA73750}.Debug|ARM.Deploy.0 = Debug|Any CPU
		{5972C569-6CFF-4587-BE22-A90D3BA73750}.Debug|iPhone.ActiveCfg = Debug|Any CPU
		{5972C569-6CFF-4587-BE22-A90D3BA73750}.Debug|iPhone.Build.0 = Debug|Any CPU
		{5972C569-6CFF-4587-BE22-A90D3BA73750}.Debug|iPhone.Deploy.0 = Debug|Any CPU
		{5972C569-6CFF-4587-BE22-A90D3BA73750}.Debug|iPhoneSimulator.ActiveCfg = Debug|Any CPU
		{5972C569-6CFF-4587-BE22-A90D3BA73750}.Debug|iPhoneSimulator.Build.0 = Debug|Any CPU
		{5972C569-6CFF-4587-BE22-A90D3BA73750}.Debug|iPhoneSimulator.Deploy.0 = Debug|Any CPU
		{5972C569-6CFF-4587-BE22-A90D3BA73750}.Debug|x64.ActiveCfg = Debug|Any CPU
		{5972C569-6CFF-4587-BE22-A90D3BA73750}.Debug|x64.Build.0 = Debug|Any CPU
		{5972C569-6CFF-4587-BE22-A90D3BA73750}.Debug|x64.Deploy.0 = Debug|Any CPU
		{5972C569-6CFF-4587-BE22-A90D3BA73750}.Debug|x86.ActiveCfg = Debug|Any CPU
		{5972C569-6CFF-4587-BE22-A90D3BA73750}.Debug|x86.Build.0 = Debug|Any CPU
		{5972C569-6CFF-4587-BE22-A90D3BA73750}.Debug|x86.Deploy.0 = Debug|Any CPU
		{5972C569-6CFF-4587-BE22-A90D3BA73750}.Release|Any CPU.ActiveCfg = Release|Any CPU
		{5972C569-6CFF-4587-BE22-A90D3BA73750}.Release|Any CPU.Build.0 = Release|Any CPU
		{5972C569-6CFF-4587-BE22-A90D3BA73750}.Release|Any CPU.Deploy.0 = Release|Any CPU
		{5972C569-6CFF-4587-BE22-A90D3BA73750}.Release|ARM.ActiveCfg = Release|Any CPU
		{5972C569-6CFF-4587-BE22-A90D3BA73750}.Release|ARM.Build.0 = Release|Any CPU
		{5972C569-6CFF-4587-BE22-A90D3BA73750}.Release|ARM.Deploy.0 = Release|Any CPU
		{5972C569-6CFF-4587-BE22-A90D3BA73750}.Release|iPhone.ActiveCfg = Release|Any CPU
		{5972C569-6CFF-4587-BE22-A90D3BA73750}.Release|iPhone.Build.0 = Release|Any CPU
		{5972C569-6CFF-4587-BE22-A90D3BA73750}.Release|iPhone.Deploy.0 = Release|Any CPU
		{5972C569-6CFF-4587-BE22-A90D3BA73750}.Release|iPhoneSimulator.ActiveCfg = Release|Any CPU
		{5972C569-6CFF-4587-BE22-A90D3BA73750}.Release|iPhoneSimulator.Build.0 = Release|Any CPU
		{5972C569-6CFF-4587-BE22-A90D3BA73750}.Release|iPhoneSimulator.Deploy.0 = Release|Any CPU
		{5972C569-6CFF-4587-BE22-A90D3BA73750}.Release|x64.ActiveCfg = Release|Any CPU
		{5972C569-6CFF-4587-BE22-A90D3BA73750}.Release|x64.Build.0 = Release|Any CPU
		{5972C569-6CFF-4587-BE22-A90D3BA73750}.Release|x64.Deploy.0 = Release|Any CPU
		{5972C569-6CFF-4587-BE22-A90D3BA73750}.Release|x86.ActiveCfg = Release|Any CPU
		{5972C569-6CFF-4587-BE22-A90D3BA73750}.Release|x86.Build.0 = Release|Any CPU
		{5972C569-6CFF-4587-BE22-A90D3BA73750}.Release|x86.Deploy.0 = Release|Any CPU
	EndGlobalSection
	GlobalSection(SolutionProperties) = preSolution
		HideSolutionNode = FALSE
	EndGlobalSection
	GlobalSection(ExtensibilityGlobals) = postSolution
		SolutionGuid = {9A21AB01-8A56-4186-824F-1BED2343D5C1}
	EndGlobalSection
EndGlobal
